{
  "name": "huffman",
  "version": "1.0.0",
  "lockfileVersion": 3,
  "requires": true,
  "packages": {
    "": {
      "name": "huffman",
      "version": "1.0.0",
      "license": "ISC",
      "dependencies": {
        "binary-tree-visualizer": "^2.1.5"
      }
    },
    "node_modules/binary-tree-visualizer": {
      "version": "2.1.5",
      "resolved": "https://registry.npmjs.org/binary-tree-visualizer/-/binary-tree-visualizer-2.1.5.tgz",
      "integrity": "sha512-j0otdj8To0Qmk8e1BOQ6zA/SeYwm9wtZyDvYJeSqrxiss2rnfU1J04Ax97fDmV0waWmiPpC4CrdpQySqIorGxw=="
    }
  }
}
